// !$*UTF8*$!
{
	archiveVersion = 1;
	classes = {
	};
	objectVersion = 46;
	objects = {

/* Begin PBXBuildFile section */
		18DF51E719D00801001FF5AE /* main.cpp in Sources */ = {isa = PBXBuildFile; fileRef = 18DF51E619D00801001FF5AE /* main.cpp */; };
		18DF51E919D00801001FF5AE /* CircleAndPoint.1 in CopyFiles */ = {isa = PBXBuildFile; fileRef = 18DF51E819D00801001FF5AE /* CircleAndPoint.1 */; };
		18DF51F119D00817001FF5AE /* Point.cpp in Sources */ = {isa = PBXBuildFile; fileRef = 18DF51EF19D00817001FF5AE /* Point.cpp */; };
		18DF51F419D00922001FF5AE /* Circle.cpp in Sources */ = {isa = PBXBuildFile; fileRef = 18DF51F219D00922001FF5AE /* Circle.cpp */; };
/* End PBXBuildFile section */

/* Begin PBXCopyFilesBuildPhase section */
		18DF51E119D00801001FF5AE /* CopyFiles */ = {
			isa = PBXCopyFilesBuildPhase;
			buildActionMask = 2147483647;
			dstPath = /usr/share/man/man1/;
			dstSubfolderSpec = 0;
			files = (
				18DF51E919D00801001FF5AE /* CircleAndPoint.1 in CopyFiles */,
			);
			runOnlyForDeploymentPostprocessing = 1;
		};
/* End PBXCopyFilesBuildPhase section */

/* Begin PBXFileReference section */
		18DF51E319D00801001FF5AE /* CircleAndPoint */ = {isa = PBXFileReference; explicitFileType = "compiled.mach-o.executable"; includeInIndex = 0; path = CircleAndPoint; sourceTree = BUILT_PRODUCTS_DIR; };
		18DF51E619D00801001FF5AE /* main.cpp */ = {isa = PBXFileReference; lastKnownFileType = sourcecode.cpp.cpp; path = main.cpp; sourceTree = "<group>"; };
		18DF51E819D00801001FF5AE /* CircleAndPoint.1 */ = {isa = PBXFileReference; lastKnownFileType = text.man; path = CircleAndPoint.1; sourceTree = "<group>"; };
		18DF51EF19D00817001FF5AE /* Point.cpp */ = {isa = PBXFileReference; fileEncoding = 4; lastKnownFileType = sourcecode.cpp.cpp; path = Point.cpp; sourceTree = "<group>"; };
		18DF51F019D00817001FF5AE /* Point.h */ = {isa = PBXFileReference; fileEncoding = 4; lastKnownFileType = sourcecode.c.h; path = Point.h; sourceTree = "<group>"; };
		18DF51F219D00922001FF5AE /* Circle.cpp */ = {isa = PBXFileReference; fileEncoding = 4; lastKnownFileType = sourcecode.cpp.cpp; path = Circle.cpp; sourceTree = "<group>"; };
		18DF51F319D00922001FF5AE /* Circle.h */ = {isa = PBXFileReference; fileEncoding = 4; lastKnownFileType = sourcecode.c.h; path = Circle.h; sourceTree = "<group>"; };
/* End PBXFileReference section */

/* Begin PBXFrameworksBuildPhase section */
		18DF51E019D00801001FF5AE /* Frameworks */ = {
			isa = PBXFrameworksBuildPhase;
			buildActionMask = 2147483647;
			files = (
			);
			runOnlyForDeploymentPostprocessing = 0;
		};
/* End PBXFrameworksBuildPhase section */

/* Begin PBXGroup section */
		18DF51DA19D00801001FF5AE = {
			isa = PBXGroup;
			children = (
				18DF51E519D00801001FF5AE /* CircleAndPoint */,
				18DF51E419D00801001FF5AE /* Products */,
			);
			sourceTree = "<group>";
		};
		18DF51E419D00801001FF5AE /* Products */ = {
			isa = PBXGroup;
			children = (
				18DF51E319D00801001FF5AE /* CircleAndPoint */,
			);
			name = Products;
			sourceTree = "<group>";
		};
		18DF51E519D00801001FF5AE /* CircleAndPoint */ = {
			isa = PBXGroup;
			children = (
				18DF51E619D00801001FF5AE /* main.cpp */,
				18DF51E819D00801001FF5AE /* CircleAndPoint.1 */,
				18DF51EF19D00817001FF5AE /* Point.cpp */,
				18DF51F019D00817001FF5AE /* Point.h */,
				18DF51F219D00922001FF5AE /* Circle.cpp */,
				18DF51F319D00922001FF5AE /* Circle.h */,
			);
			path = CircleAndPoint;
			sourceTree = "<group>";
		};
/* End PBXGroup section */

/* Begin PBXNativeTarget section */
		18DF51E219D00801001FF5AE /* CircleAndPoint */ = {
			isa = PBXNativeTarget;
			buildConfigurationList = 18DF51EC19D00801001FF5AE /* Build configuration list for PBXNativeTarget "CircleAndPoint" */;
			buildPhases = (
				18DF51DF19D00801001FF5AE /* Sources */,
				18DF51E019D00801001FF5AE /* Frameworks */,
				18DF51E119D00801001FF5AE /* CopyFiles */,
			);
			buildRules = (
			);
			dependencies = (
			);
			name = CircleAndPoint;
			productName = CircleAndPoint;
			productReference = 18DF51E319D00801001FF5AE /* CircleAndPoint */;
			productType = "com.apple.product-type.tool";
		};
/* End PBXNativeTarget section */

/* Begin PBXProject section */
		18DF51DB19D00801001FF5AE /* Project object */ = {
			isa = PBXProject;
			attributes = {
				LastUpgradeCheck = 0500;
				ORGANIZATIONNAME = apple;
			};
			buildConfigurationList = 18DF51DE19D00801001FF5AE /* Build configuration list for PBXProject "CircleAndPoint" */;
			compatibilityVersion = "Xcode 3.2";
			developmentRegion = English;
			hasScannedForEncodings = 0;
			knownRegions = (
				en,
			);
			mainGroup = 18DF51DA19D00801001FF5AE;
			productRefGroup = 18DF51E419D00801001FF5AE /* Products */;
			projectDirPath = "";
			projectRoot = "";
			targets = (
				18DF51E219D00801001FF5AE /* CircleAndPoint */,
			);
		};
/* End PBXProject section */

/* Begin PBXSourcesBuildPhase section */
		18DF51DF19D00801001FF5AE /* Sources */ = {
			isa = PBXSourcesBuildPhase;
			buildActionMask = 2147483647;
			files = (
				18DF51F119D00817001FF5AE /* Point.cpp in Sources */,
				18DF51F419D00922001FF5AE /* Circle.cpp in Sources */,
				18DF51E719D00801001FF5AE /* main.cpp in Sources */,
			);
			runOnlyForDeploymentPostprocessing = 0;
		};
/* End PBXSourcesBuildPhase section */

/* Begin XCBuildConfiguration section */
		18DF51EA19D00801001FF5AE /* Debug */ = {
			isa = XCBuildConfiguration;
			buildSettings = {
				ALWAYS_SEARCH_USER_PATHS = NO;
				CLANG_CXX_LANGUAGE_STANDARD = "gnu++0x";
				CLANG_CXX_LIBRARY = "libc++";
				CLANG_ENABLE_OBJC_ARC = YES;
				CLANG_WARN_BOOL_CONVERSION = YES;
				CLANG_WARN_CONSTANT_CONVERSION = YES;
				CLANG_WARN_DIRECT_OBJC_ISA_USAGE = YES_ERROR;
				CLANG_WARN_EMPTY_BODY = YES;
				CLANG_WARN_ENUM_CONVERSION = YES;
				CLANG_WARN_INT_CONVERSION = YES;
				CLANG_WARN_OBJC_ROOT_CLASS = YES_ERROR;
				CLANG_WARN__DUPLICATE_METHOD_MATCH = YES;
				COPY_PHASE_STRIP = NO;
				GCC_C_LANGUAGE_STANDARD = gnu99;
				GCC_DYNAMIC_NO_PIC = NO;
				GCC_ENABLE_OBJC_EXCEPTIONS = YES;
				GCC_OPTIMIZATION_LEVEL = 0;
				GCC_PREPROCESSOR_DEFINITIONS = (
					"DEBUG=1",
					"$(inherited)",
				);
				GCC_SYMBOLS_PRIVATE_EXTERN = NO;
				GCC_WARN_64_TO_32_BIT_CONVERSION = YES;
				GCC_WARN_ABOUT_RETURN_TYPE = YES_ERROR;
				GCC_WARN_UNDECLARED_SELECTOR = YES;
				GCC_WARN_UNINITIALIZED_AUTOS = YES;
				GCC_WARN_UNUSED_FUNCTION = YES;
				GCC_WARN_UNUSED_VARIABLE = YES;
				MACOSX_DEPLOYMENT_TARGET = 10.9;
				ONLY_ACTIVE_ARCH = YES;
				SDKROOT = macosx;
			};
			name = Debug;
		};
		18DF51EB19D00801001FF5AE /* Release */ = {
			isa = XCBuildConfiguration;
			buildSettings = {
				ALWAYS_SEARCH_USER_PATHS = NO;
				CLANG_CXX_LANGUAGE_STANDARD = "gnu++0x";
				CLANG_CXX_LIBRARY = "libc++";
				CLANG_ENABLE_OBJC_ARC = YES;
				CLANG_WARN_BOOL_CONVERSION = YES;
				CLANG_WARN_CONSTANT_CONVERSION = YES;
				CLANG_WARN_DIRECT_OBJC_ISA_USAGE = YES_ERROR;
				CLANG_WARN_EMPTY_BODY = YES;
				CLANG_WARN_ENUM_CONVERSION = YES;
				CLANG_WARN_INT_CONVERSION = YES;
				CLANG_WARN_OBJC_ROOT_CLASS = YES_ERROR;
				CLANG_WARN__DUPLICATE_METHOD_MATCH = YES;
				COPY_PHASE_STRIP = YES;
				DEBUG_INFORMATION_FORMAT = "dwarf-with-dsym";
				ENABLE_NS_ASSERTIONS = NO;
				GCC_C_LANGUAGE_STANDARD = gnu99;
				GCC_ENABLE_OBJC_EXCEPTIONS = YES;
				GCC_WARN_64_TO_32_BIT_CONVERSION = YES;
				GCC_WARN_ABOUT_RETURN_TYPE = YES_ERROR;
				GCC_WARN_UNDECLARED_SELECTOR = YES;
				GCC_WARN_UNINITIALIZED_AUTOS = YES;
				GCC_WARN_UNUSED_FUNCTION = YES;
				GCC_WARN_UNUSED_VARIABLE = YES;
				MACOSX_DEPLOYMENT_TARGET = 10.9;
				SDKROOT = macosx;
			};
			name = Release;
		};
		18DF51ED19D00801001FF5AE /* Debug */ = {
			isa = XCBuildConfiguration;
			buildSettings = {
				PRODUCT_NAME = "$(TARGET_NAME)";
			};
			name = Debug;
		};
		18DF51EE19D00801001FF5AE /* Release */ = {
			isa = XCBuildConfiguration;
			buildSettings = {
				PRODUCT_NAME = "$(TARGET_NAME)";
			};
			name = Release;
		};
/* End XCBuildConfiguration section */

/* Begin XCConfigurationList section */
		18DF51DE19D00801001FF5AE /* Build configuration list for PBXProject "CircleAndPoint" */ = {
			isa = XCConfigurationList;
			buildConfigurations = (
				18DF51EA19D00801001FF5AE /* Debug */,
				18DF51EB19D00801001FF5AE /* Release */,
			);
			defaultConfigurationIsVisible = 0;
			defaultConfigurationName = Release;
		};
		18DF51EC19D00801001FF5AE /* Build configuration list for PBXNativeTarget "CircleAndPoint" */ = {
			isa = XCConfigurationList;
			buildConfigurations = (
				18DF51ED19D00801001FF5AE /* Debug */,
				18DF51EE19D00801001FF5AE /* Release */,
			);
			defaultConfigurationIsVisible = 0;
		};
/* End XCConfigurationList section */
	};
	rootObject = 18DF51DB19D00801001FF5AE /* Project object */;
}
